
Microsoft Visual Studio Solution File, Format Version 12.00
# Visual Studio 2013
VisualStudioVersion = 12.0.21005.1
MinimumVisualStudioVersion = 10.0.40219.1
Project("{FAE04EC0-301F-11D3-BF4B-00C04F79EFBC}") = "Doque", "Doque\Doque.csproj", "{3A21541C-E81F-4F08-8784-FAF405E098E5}"
EndProject
Project("{FAE04EC0-301F-11D3-BF4B-00C04F79EFBC}") = "Doque.Tests", "Doque.Tests\Doque.Tests.csproj", "{24AE68DA-27A1-46DD-92D9-0016FC7AEB34}"
EndProject
Global
	GlobalSection(SolutionConfigurationPlatforms) = preSolution
		Debug|Any CPU = Debug|Any CPU
		Release|Any CPU = Release|Any CPU
	EndGlobalSection
	GlobalSection(ProjectConfigurationPlatforms) = postSolution
		{3A21541C-E81F-4F08-8784-FAF405E098E5}.Debug|Any CPU.ActiveCfg = Debug|Any CPU
		{3A21541C-E81F-4F08-8784-FAF405E098E5}.Debug|Any CPU.Build.0 = Debug|Any CPU
		{3A21541C-E81F-4F08-8784-FAF405E098E5}.Release|Any CPU.ActiveCfg = Release|Any CPU
		{3A21541C-E81F-4F08-8784-FAF405E098E5}.Release|Any CPU.Build.0 = Release|Any CPU
		{24AE68DA-27A1-46DD-92D9-0016FC7AEB34}.Debug|Any CPU.ActiveCfg = Debug|Any CPU
		{24AE68DA-27A1-46DD-92D9-0016FC7AEB34}.Debug|Any CPU.Build.0 = Debug|Any CPU
		{24AE68DA-27A1-46DD-92D9-0016FC7AEB34}.Release|Any CPU.ActiveCfg = Release|Any CPU
		{24AE68DA-27A1-46DD-92D9-0016FC7AEB34}.Release|Any CPU.Build.0 = Release|Any CPU
	EndGlobalSection
	GlobalSection(SolutionProperties) = preSolution
		HideSolutionNode = FALSE
	EndGlobalSection
EndGlobal
